#MicroXplorer Configuration settings - do not modify
Mcu.Family=STM32F1
PA11.GPIO_Speed=GPIO_SPEED_FREQ_HIGH
ProjectManager.MainLocation=Core/Src
Dma.TIM2_CH1.0.MemInc=DMA_MINC_DISABLE
RCC.MCOFreq_Value=64000000
SH.S_TIM1_CH4.0=TIM1_CH4,Output Compare4 CH4
VP_TIM1_VS_OPM.Mode=OPM_bit
TIM2.Channel-Input_Capture1_from_TI1=TIM_CHANNEL_1
ProjectManager.KeepUserCode=true
PB10.GPIO_Speed=GPIO_SPEED_FREQ_HIGH
Mcu.UserName=STM32F103C8Tx
SPI2.VirtualType=VM_MASTER
TIM1.RepetitionCounter=7
VP_TIM3_VS_OPM.Mode=OPM_bit
TIM1.IPParameters=Channel-Output Compare1 CH1,AutoReloadPreload,Period,RepetitionCounter,OC1Preload,Pulse-Output Compare1 CH1,CounterMode,OCMode_1,ClockDivision,TIM_MasterOutputTrigger,TIM_MasterSlaveMode,Channel-Output Compare2 CH2,Channel-Output Compare3 CH3,Channel-Output Compare4 CH4,OCMode_2,OCMode_3,OCMode_4
RCC.PLLCLKFreq_Value=64000000
PB2.GPIO_Speed=GPIO_SPEED_FREQ_HIGH
PA12.GPIOParameters=GPIO_Speed,PinState,GPIO_Label
ProjectManager.functionlistsort=1-MX_GPIO_Init-GPIO-false-HAL-true,2-MX_DMA_Init-DMA-false-HAL-true,3-SystemClock_Config-RCC-false-HAL-false,4-MX_TIM1_Init-TIM1-false-HAL-true,5-MX_USART1_UART_Init-USART1-false-HAL-true,6-MX_TIM2_Init-TIM2-false-HAL-true,7-MX_TIM4_Init-TIM4-false-HAL-true,8-MX_TIM3_Init-TIM3-false-HAL-true,9-MX_I2C1_Init-I2C1-false-HAL-true,10-MX_SPI2_Init-SPI2-false-HAL-true
PA9.GPIOParameters=GPIO_Speed,GPIO_Label
PA11.GPIOParameters=GPIO_Speed,GPIO_Label
RCC.ADCFreqValue=32000000
Dma.TIM2_CH1.0.Instance=DMA1_Channel5
SH.S_TIM1_CH3.ConfNb=1
SH.S_TIM1_CH1.ConfNb=1
USART1.IPParameters=VirtualMode
PB11.Signal=GPIO_Output
PB15.Signal=SPI2_MOSI
PB13.Signal=SPI2_SCK
PinOutPanel.RotationAngle=0
TIM4.TIM_MasterOutputTrigger=TIM_TRGO_UPDATE
RCC.SYSCLKSource=RCC_SYSCLKSOURCE_PLLCLK
ProjectManager.StackSize=0x400
PD1-OSC_OUT.Signal=RCC_OSC_OUT
PB11.GPIO_Speed=GPIO_SPEED_FREQ_HIGH
VP_TIM2_VS_ClockSourceITR.Mode=TriggerSource_ITR2
Mcu.IP4=SPI2
RCC.FCLKCortexFreq_Value=64000000
Mcu.IP5=SYS
Mcu.IP2=NVIC
NVIC.SVCall_IRQn=true\:0\:0\:false\:false\:true\:false\:false
Mcu.IP3=RCC
PA15.GPIO_Label=TP
PB4.GPIOParameters=GPIO_Label
Mcu.IP0=DMA
PA12.Locked=true
Mcu.IP1=I2C1
TIM1.Channel-Output\ Compare2\ CH2=TIM_CHANNEL_2
PA12.Signal=GPIO_Output
SPI2.CLKPolarity=SPI_POLARITY_LOW
Mcu.UserConstants=
TIM2.ICPolarity_CH2=TIM_INPUTCHANNELPOLARITY_FALLING
VP_TIM3_VS_ControllerModeTrigger.Signal=TIM3_VS_ControllerModeTrigger
Mcu.ThirdPartyNb=0
RCC.HCLKFreq_Value=64000000
Mcu.IPNb=11
TIM2.IPParameters=AutoReloadPreload,TIM_MasterSlaveMode,Prescaler,TIM_MasterOutputTrigger,Channel-Input_Capture1_from_TI1,Channel-Input_Capture2_from_TI1,ICPolarity_CH2
ProjectManager.PreviousToolchain=
RCC.APB2TimFreq_Value=64000000
TIM3.Period=30800
PB6.Signal=USART1_TX
PB6.Mode=Asynchronous
PA8.GPIOParameters=GPIO_Speed,GPIO_Label
Mcu.Pin6=PB11
VP_TIM2_VS_ClockSourceINT.Signal=TIM2_VS_ClockSourceINT
Mcu.Pin7=PB12
TIM1.OC1Preload=ENABLE
Mcu.Pin8=PB13
Mcu.Pin9=PB14
VP_TIM3_VS_ClockSourceITR.Signal=TIM3_VS_ClockSourceITR
RCC.AHBFreq_Value=64000000
SPI2.BaudRatePrescaler=SPI_BAUDRATEPRESCALER_2
Mcu.Pin0=PD0-OSC_IN
Mcu.Pin1=PD1-OSC_OUT
GPIO.groupedBy=Group By Peripherals
Mcu.Pin2=PA0-WKUP
Mcu.Pin3=PB1
PA0-WKUP.GPIOParameters=GPIO_Label
Mcu.Pin4=PB2
Mcu.Pin5=PB10
PA12.PinState=GPIO_PIN_RESET
ProjectManager.ProjectBuild=false
NVIC.UsageFault_IRQn=true\:0\:0\:false\:false\:true\:false\:false
NVIC.DebugMonitor_IRQn=true\:0\:0\:false\:false\:true\:false\:false
PB2.Signal=GPIO_Output
Mcu.IP10=USART1
NVIC.SysTick_IRQn=true\:0\:0\:false\:false\:true\:false\:true
RCC.PLLMUL=RCC_PLL_MUL8
PB12.GPIO_Label=Eth_CS
ProjectManager.FirmwarePackage=STM32Cube FW_F1 V1.8.4
MxDb.Version=DB.6.0.21
ProjectManager.BackupPrevious=false
TIM4.IPParametersWithoutCheck=Prescaler
PB1.GPIO_Speed=GPIO_SPEED_FREQ_HIGH
PB14.Mode=Full_Duplex_Master
Dma.TIM2_CH1.0.RequestParameters=Instance,Direction,PeriphInc,MemInc,PeriphDataAlignment,MemDataAlignment,Mode,Priority
PB1.GPIO_Label=Z1Receive
NVIC.TIM2_IRQn=true\:0\:0\:false\:false\:true\:true\:true
File.Version=6
PA10.GPIO_Label=Z3
SPI2.CalculateBaudRate=16.0 MBits/s
PB3.GPIOParameters=GPIO_Label
PB7.Signal=USART1_RX
PA8.Signal=S_TIM1_CH1
NVIC.PendSV_IRQn=true\:0\:0\:false\:false\:true\:false\:false
VP_TIM3_VS_ClockSourceITR.Mode=TriggerSource_ITR0
Dma.RequestsNb=1
ProjectManager.HalAssertFull=false
VP_TIM1_VS_ClockSourceINT.Mode=Internal
ProjectManager.ProjectName=Anemometer
RCC.PLLMCOFreq_Value=32000000
PB9.Signal=I2C1_SDA
Mcu.Package=LQFP48
TIM2.Prescaler=0
PB1.Signal=GPIO_Output
SPI2.Mode=SPI_MODE_MASTER
TIM2.Channel-Input_Capture2_from_TI1=TIM_CHANNEL_2
ProjectManager.ToolChainLocation=
VP_SYS_VS_Systick.Signal=SYS_VS_Systick
PA10.Signal=S_TIM1_CH3
PA15.Signal=GPIO_Output
VP_TIM3_VS_OPM.Signal=TIM3_VS_OPM
SPI2.CLKPhase=SPI_PHASE_1EDGE
Dma.TIM2_CH1.0.PeriphDataAlignment=DMA_PDATAALIGN_HALFWORD
PA10.GPIO_Speed=GPIO_SPEED_FREQ_HIGH
TIM2.TIM_MasterOutputTrigger=TIM_TRGO_RESET
RCC.APB1TimFreq_Value=64000000
VP_TIM2_VS_ControllerModeReset.Signal=TIM2_VS_ControllerModeReset
NVIC.BusFault_IRQn=true\:0\:0\:false\:false\:true\:false\:false
SPI2.Direction=SPI_DIRECTION_2LINES
TIM1.Period=799
PB10.GPIOParameters=GPIO_Speed,GPIO_Label
PB13.Mode=Full_Duplex_Master
Dma.Request0=TIM2_CH1
Dma.TIM2_CH1.0.Direction=DMA_PERIPH_TO_MEMORY
PA8.GPIO_Speed=GPIO_SPEED_FREQ_HIGH
ProjectManager.CustomerFirmwarePackage=
VP_TIM3_VS_ClockSourceINT.Mode=Internal
PA12.GPIO_Speed=GPIO_SPEED_FREQ_HIGH
TIM1.Channel-Output\ Compare3\ CH3=TIM_CHANNEL_3
PB3.Locked=true
PB4.Signal=GPIO_Output
PB3.GPIO_Label=Eth_int
RCC.PLLSourceVirtual=RCC_PLLSOURCE_HSE
ProjectManager.ProjectFileName=Anemometer.ioc
TIM4.AutoReloadPreload=TIM_AUTORELOAD_PRELOAD_ENABLE
PB8.GPIOParameters=GPIO_Label
TIM3.Channel-Output\ Compare1\ No\ Output=TIM_CHANNEL_1
PD1-OSC_OUT.Mode=HSE-External-Oscillator
PB9.GPIO_Label=TMP117_SDA
PA15.GPIOParameters=GPIO_Speed,PinState,GPIO_Label
Mcu.PinsNb=36
TIM3.AutoReloadPreload=TIM_AUTORELOAD_PRELOAD_ENABLE
ProjectManager.NoMain=false
TIM1.OCMode_4=TIM_OCMODE_TOGGLE
VP_TIM2_VS_ControllerModeReset.Mode=Reset Mode
TIM1.OCMode_3=TIM_OCMODE_TOGGLE
VP_TIM3_VS_ControllerModeTrigger.Mode=Trigger Mode
TIM1.CounterMode=TIM_COUNTERMODE_UP
PA9.GPIO_Label=Z2
TIM1.OCMode_2=TIM_OCMODE_TOGGLE
TIM1.OCMode_1=TIM_OCMODE_TOGGLE
PB11.GPIO_Label=Z4Receive
PA11.GPIO_Label=Z4
ProjectManager.DefaultFWLocation=true
VP_TIM1_VS_OPM.Signal=TIM1_VS_OPM
PD0-OSC_IN.Signal=RCC_OSC_IN
PB12.Locked=true
ProjectManager.DeletePrevious=true
RCC.APB1CLKDivider=RCC_HCLK_DIV2
PB10.Locked=true
VP_SYS_VS_ND.Mode=No_Debug
SH.S_TIM2_CH1_ETR.ConfNb=2
PA12.GPIO_Label=LED
RCC.FamilyName=M
PA0-WKUP.GPIO_Label=senserInput
PA0-WKUP.Signal=S_TIM2_CH1_ETR
TIM1.ClockDivision=TIM_CLOCKDIVISION_DIV1
PB9.GPIOParameters=GPIO_Label
TIM1.AutoReloadPreload=TIM_AUTORELOAD_PRELOAD_ENABLE
PB8.GPIO_Label=TMP117_SCL
PA15.Locked=true
PA8.GPIO_Label=Z1
SH.S_TIM1_CH1.0=TIM1_CH1,Output Compare1 CH1
VP_TIM4_VS_ClockSourceINT.Signal=TIM4_VS_ClockSourceINT
ProjectManager.TargetToolchain=STM32CubeIDE
VP_TIM3_VS_no_output1.Signal=TIM3_VS_no_output1
TIM4.IPParameters=AutoReloadPreload,TIM_MasterOutputTrigger,ClockDivision,Prescaler
PB10.GPIO_Label=Z3Receive
SPI2.CRCCalculation=SPI_CRCCALCULATION_DISABLE
PB9.Mode=I2C
PB2.GPIOParameters=GPIO_Speed,GPIO_Label
PA9.Signal=S_TIM1_CH2
VP_TIM1_VS_ClockSourceINT.Signal=TIM1_VS_ClockSourceINT
PB11.GPIOParameters=GPIO_Speed,GPIO_Label
SPI2.IPParameters=VirtualType,Mode,Direction,CalculateBaudRate,FirstBit,BaudRatePrescaler,DataSize,CRCCalculation,CLKPolarity,CLKPhase
VP_TIM2_VS_ClockSourceITR.Signal=TIM2_VS_ClockSourceITR
ProjectManager.RegisterCallBack=
RCC.USBFreq_Value=64000000
VP_TIM3_VS_ClockSourceINT.Signal=TIM3_VS_ClockSourceINT
TIM1.Channel-Output\ Compare4\ CH4=TIM_CHANNEL_4
TIM4.Prescaler=2
PB1.Locked=true
SH.S_TIM1_CH2.ConfNb=1
PD0-OSC_IN.Mode=HSE-External-Oscillator
PB10.Signal=GPIO_Output
PB14.Signal=SPI2_MISO
board=custom
VP_TIM3_VS_no_output1.Mode=Output Compare1 No Output
ProjectManager.LastFirmware=true
PB15.Mode=Full_Duplex_Master
NVIC.TIM3_IRQn=true\:0\:0\:true\:false\:true\:true\:true
RCC.VCOOutput2Freq_Value=8000000
PA15.PinState=GPIO_PIN_RESET
TIM1.TIM_MasterOutputTrigger=TIM_TRGO_OC1
RCC.APB2Freq_Value=64000000
Dma.TIM2_CH1.0.Priority=DMA_PRIORITY_VERY_HIGH
MxCube.Version=6.2.1
PB4.GPIO_Label=Eth_rst
TIM3.OCMode_1=TIM_OCMODE_ACTIVE
TIM4.ClockDivision=TIM_CLOCKDIVISION_DIV1
SH.S_TIM1_CH2.0=TIM1_CH2,Output Compare2 CH2
VP_TIM2_VS_ClockSourceINT.Mode=Internal
Mcu.Pin35=VP_TIM4_VS_ClockSourceINT
Mcu.Pin30=VP_TIM3_VS_ControllerModeTrigger
PA10.GPIOParameters=GPIO_Speed,GPIO_Label
VP_SYS_VS_Systick.Mode=SysTick
VP_SYS_VS_ND.Signal=SYS_VS_ND
Mcu.Pin33=VP_TIM3_VS_no_output1
TIM3.IPParameters=TIM_MasterSlaveMode,TIM_MasterOutputTrigger,Period,AutoReloadPreload,Channel-Output Compare1 No Output,OCMode_1
Mcu.Pin34=VP_TIM3_VS_OPM
Mcu.Pin31=VP_TIM3_VS_ClockSourceINT
Mcu.Pin32=VP_TIM3_VS_ClockSourceITR
NVIC.NonMaskableInt_IRQn=true\:0\:0\:false\:false\:true\:false\:false
ProjectManager.FreePins=false
RCC.IPParameters=ADCFreqValue,AHBFreq_Value,APB1CLKDivider,APB1Freq_Value,APB1TimFreq_Value,APB2Freq_Value,APB2TimFreq_Value,FCLKCortexFreq_Value,FamilyName,HCLKFreq_Value,MCOFreq_Value,PLLCLKFreq_Value,PLLMCOFreq_Value,PLLMUL,PLLSourceVirtual,SYSCLKFreq_VALUE,SYSCLKSource,TimSysFreq_Value,USBFreq_Value,VCOOutput2Freq_Value
ProjectManager.AskForMigrate=true
Mcu.Name=STM32F103C(8-B)Tx
Mcu.Pin26=VP_TIM1_VS_OPM
Mcu.Pin27=VP_TIM2_VS_ControllerModeReset
Mcu.Pin24=VP_SYS_VS_Systick
ProjectManager.UnderRoot=true
Mcu.Pin25=VP_TIM1_VS_ClockSourceINT
PB2.Locked=true
Mcu.IP8=TIM3
Mcu.IP9=TIM4
Mcu.Pin28=VP_TIM2_VS_ClockSourceINT
Mcu.IP6=TIM1
Mcu.Pin29=VP_TIM2_VS_ClockSourceITR
Mcu.IP7=TIM2
ProjectManager.CoupleFile=false
PB4.Locked=true
PB3.Signal=GPIO_Output
RCC.SYSCLKFreq_VALUE=64000000
Mcu.Pin22=PB9
Dma.TIM2_CH1.0.Mode=DMA_CIRCULAR
Mcu.Pin23=VP_SYS_VS_ND
RCC.TimSysFreq_Value=64000000
Mcu.Pin20=PB7
Mcu.Pin21=PB8
NVIC.ForceEnableDMAVector=false
KeepUserPlacement=false
NVIC.MemoryManagement_IRQn=true\:0\:0\:false\:false\:true\:false\:false
SPI2.FirstBit=SPI_FIRSTBIT_MSB
TIM3.TIM_MasterSlaveMode=TIM_MASTERSLAVEMODE_DISABLE
USART1.VirtualMode=VM_ASYNC
ProjectManager.CompilerOptimize=6
PA15.GPIO_Speed=GPIO_SPEED_FREQ_HIGH
PB7.Mode=Asynchronous
SH.S_TIM2_CH1_ETR.1=TIM2_CH1,Input_Capture2_from_TI1
PA11.Signal=S_TIM1_CH4
SH.S_TIM2_CH1_ETR.0=TIM2_CH1,Input_Capture1_from_TI1
Dma.TIM2_CH1.0.MemDataAlignment=DMA_MDATAALIGN_HALFWORD
PB2.GPIO_Label=Z2Receive
ProjectManager.HeapSize=0x200
Mcu.Pin15=PA12
NVIC.HardFault_IRQn=true\:0\:0\:false\:false\:true\:false\:false
Mcu.Pin16=PA15
TIM1.Channel-Output\ Compare1\ CH1=TIM_CHANNEL_1
Mcu.Pin13=PA10
SH.S_TIM1_CH3.0=TIM1_CH3,Output Compare3 CH3
Mcu.Pin14=PA11
TIM1.Pulse-Output\ Compare1\ CH1=0
Mcu.Pin19=PB6
ProjectManager.ComputerToolchain=false
Mcu.Pin17=PB3
Mcu.Pin18=PB4
VP_TIM4_VS_ClockSourceINT.Mode=Internal
NVIC.PriorityGroup=NVIC_PRIORITYGROUP_4
Mcu.Pin11=PA8
Mcu.Pin12=PA9
PB8.Mode=I2C
Mcu.Pin10=PB15
TIM2.TIM_MasterSlaveMode=TIM_MASTERSLAVEMODE_DISABLE
PA9.GPIO_Speed=GPIO_SPEED_FREQ_HIGH
PB8.Signal=I2C1_SCL
TIM2.AutoReloadPreload=TIM_AUTORELOAD_PRELOAD_DISABLE
SPI2.DataSize=SPI_DATASIZE_8BIT
TIM3.TIM_MasterOutputTrigger=TIM_TRGO_OC1
NVIC.TIM4_IRQn=true\:0\:0\:false\:false\:true\:true\:true
RCC.APB1Freq_Value=32000000
Dma.TIM2_CH1.0.PeriphInc=DMA_PINC_DISABLE
SH.S_TIM1_CH4.ConfNb=1
PB11.Locked=true
ProjectManager.DeviceId=STM32F103C8Tx
PB12.GPIOParameters=GPIO_Label
PB12.Signal=GPIO_Output
ProjectManager.LibraryCopy=1
TIM1.TIM_MasterSlaveMode=TIM_MASTERSLAVEMODE_DISABLE
PB1.GPIOParameters=GPIO_Speed,GPIO_Label
isbadioc=false
