#MicroXplorer Configuration settings - do not modify
Mcu.Family=STM32F1
PA11.GPIO_Speed=GPIO_SPEED_FREQ_HIGH
ProjectManager.MainLocation=Core/Src
NVIC.ADC1_2_IRQn=true\:0\:0\:false\:false\:true\:true\:true
RCC.MCOFreq_Value=72000000
VP_TIM2_VS_OPM.Mode=OPM_bit
TIM2.Channel-Output\ Compare1\ No\ Output=TIM_CHANNEL_1
SH.S_TIM1_CH4.0=TIM1_CH4,Output Compare4 CH4
VP_TIM1_VS_OPM.Mode=OPM_bit
ProjectManager.KeepUserCode=true
Mcu.UserName=STM32F103C8Tx
SPI2.VirtualType=VM_MASTER
ADC1.ContinuousConvMode=DISABLE
TIM1.RepetitionCounter=13
VP_TIM3_VS_OPM.Mode=OPM_bit
TIM1.IPParameters=Channel-Output Compare3 CH3,OCMode_3,AutoReloadPreload,RepetitionCounter,TIM_MasterOutputTrigger,Channel-Output Compare4 CH4,Period,OCMode_4,Channel-Output Compare1 CH1,Channel-Output Compare2 CH2,OCMode_2,OCMode_1,OC1Preload,OC2Preload,OC4Preload,TIM_MasterSlaveMode
RCC.PLLCLKFreq_Value=72000000
VP_IWDG_VS_IWDG.Mode=IWDG_Activate
PA12.GPIOParameters=PinState,GPIO_Label
ProjectManager.functionlistsort=1-MX_GPIO_Init-GPIO-false-HAL-true,2-SystemClock_Config-RCC-false-HAL-false,3-MX_USART1_UART_Init-USART1-false-HAL-true,4-MX_TIM1_Init-TIM1-false-HAL-true,5-MX_TIM4_Init-TIM4-false-HAL-true,6-MX_TIM3_Init-TIM3-false-HAL-true,7-MX_TIM2_Init-TIM2-false-HAL-true,8-MX_I2C1_Init-I2C1-false-HAL-true,9-MX_SPI2_Init-SPI2-false-HAL-true,10-MX_IWDG_Init-IWDG-false-HAL-true,11-MX_ADC1_Init-ADC1-false-HAL-true
PA9.GPIOParameters=GPIO_Speed,GPIO_Label
PA11.GPIOParameters=GPIO_Speed,GPIO_Label
PA3.GPIOParameters=GPIO_Label
RCC.ADCFreqValue=12000000
SH.S_TIM1_CH3.ConfNb=1
SH.S_TIM1_CH1.ConfNb=1
USART1.IPParameters=VirtualMode
PB15.Signal=SPI2_MOSI
PB13.Signal=SPI2_SCK
PA2.GPIOParameters=GPIO_Label
PinOutPanel.RotationAngle=0
TIM4.TIM_MasterOutputTrigger=TIM_TRGO_UPDATE
RCC.SYSCLKSource=RCC_SYSCLKSOURCE_PLLCLK
ProjectManager.StackSize=0x400
PD1-OSC_OUT.Signal=RCC_OSC_OUT
VP_TIM2_VS_ClockSourceITR.Mode=TriggerSource_ITR0
Mcu.IP4=RCC
RCC.FCLKCortexFreq_Value=72000000
Mcu.IP5=SPI2
Mcu.IP2=IWDG
NVIC.SVCall_IRQn=true\:0\:0\:false\:false\:true\:false\:false
Mcu.IP3=NVIC
PB4.GPIOParameters=GPIO_Label
Mcu.IP0=ADC1
PA12.Locked=true
Mcu.IP1=I2C1
TIM1.Channel-Output\ Compare2\ CH2=TIM_CHANNEL_2
PA12.Signal=GPIO_Output
SPI2.CLKPolarity=SPI_POLARITY_LOW
Mcu.UserConstants=
VP_TIM3_VS_ControllerModeTrigger.Signal=TIM3_VS_ControllerModeTrigger
Mcu.ThirdPartyNb=0
RCC.HCLKFreq_Value=72000000
SH.ADCx_IN3.0=ADC1_IN3,IN3
Mcu.IPNb=12
TIM2.IPParameters=AutoReloadPreload,Channel-Output Compare1 No Output,Period,OCMode_1,Pulse-Output Compare1 No Output,OC1Preload,TIM_MasterOutputTrigger,OCPolarity_1
ProjectManager.PreviousToolchain=
RCC.APB2TimFreq_Value=72000000
TIM3.Period=100
PB6.Signal=USART1_TX
SH.ADCx_IN3.ConfNb=1
PB6.Mode=Asynchronous
PA8.GPIOParameters=GPIO_Speed,GPIO_Label
Mcu.Pin6=PB2
TIM3.Pulse-Output\ Compare1\ No\ Output=0
VP_TIM2_VS_ClockSourceINT.Signal=TIM2_VS_ClockSourceINT
Mcu.Pin7=PB12
TIM1.OC1Preload=ENABLE
Mcu.Pin8=PB13
Mcu.Pin9=PB14
VP_TIM3_VS_ClockSourceITR.Signal=TIM3_VS_ClockSourceITR
RCC.AHBFreq_Value=72000000
SPI2.BaudRatePrescaler=SPI_BAUDRATEPRESCALER_2
Mcu.Pin0=PD0-OSC_IN
Mcu.Pin1=PD1-OSC_OUT
Mcu.Pin2=PA2
Mcu.Pin3=PA3
Mcu.Pin4=PA7
Mcu.Pin5=PB1
PA12.PinState=GPIO_PIN_RESET
ProjectManager.ProjectBuild=false
NVIC.UsageFault_IRQn=true\:0\:0\:false\:false\:true\:false\:false
TIM2.OC1Preload=ENABLE
VP_TIM2_VS_ControllerModeTrigger.Signal=TIM2_VS_ControllerModeTrigger
VP_TIM2_VS_no_output1.Mode=Output Compare1 No Output
NVIC.DebugMonitor_IRQn=true\:0\:0\:false\:false\:true\:false\:false
PB2.Signal=GPIO_Output
PA8.Locked=true
Mcu.IP10=TIM4
NVIC.SysTick_IRQn=true\:0\:0\:false\:false\:true\:false\:true
RCC.PLLMUL=RCC_PLL_MUL9
Mcu.IP11=USART1
PB12.GPIO_Label=SCSN
ProjectManager.FirmwarePackage=STM32Cube FW_F1 V1.8.4
MxDb.Version=DB.6.0.21
ProjectManager.BackupPrevious=false
PB14.Mode=Full_Duplex_Master
TIM2.Pulse-Output\ Compare1\ No\ Output=0
PB1.GPIO_Label=Z1
NVIC.TIM2_IRQn=true\:0\:0\:false\:false\:true\:true\:true
File.Version=6
PA10.GPIO_Label=OUTZ3
SPI2.CalculateBaudRate=18.0 MBits/s
PB3.GPIOParameters=GPIO_Label
PB7.Signal=USART1_RX
PA8.Signal=S_TIM1_CH1
PB6.Locked=true
NVIC.PendSV_IRQn=true\:0\:0\:false\:false\:true\:false\:false
VP_TIM3_VS_ClockSourceITR.Mode=TriggerSource_ITR1
ProjectManager.HalAssertFull=false
VP_TIM1_VS_ClockSourceINT.Mode=Internal
ProjectManager.ProjectName=Anemometr_200_1
TIM3.OCPolarity_1=TIM_OCPOLARITY_HIGH
RCC.PLLMCOFreq_Value=36000000
PB9.Signal=I2C1_SDA
Mcu.Package=LQFP48
PB1.Signal=GPIO_Output
PA7.Locked=true
SPI2.Mode=SPI_MODE_MASTER
TIM2.OCMode_1=TIM_OCMODE_ACTIVE
RCC.EnbaleCSS=true
ProjectManager.ToolChainLocation=
PA2.GPIO_Label=TP
VP_SYS_VS_Systick.Signal=SYS_VS_Systick
VP_TIM2_VS_OPM.Signal=TIM2_VS_OPM
PA10.Signal=S_TIM1_CH3
VP_TIM3_VS_OPM.Signal=TIM3_VS_OPM
SPI2.CLKPhase=SPI_PHASE_1EDGE
PA10.GPIO_Speed=GPIO_SPEED_FREQ_HIGH
TIM2.TIM_MasterOutputTrigger=TIM_TRGO_UPDATE
RCC.APB1TimFreq_Value=72000000
NVIC.BusFault_IRQn=true\:0\:0\:false\:false\:true\:false\:false
SPI2.Direction=SPI_DIRECTION_2LINES
TIM1.Period=179
PB13.Mode=Full_Duplex_Master
PA8.GPIO_Speed=GPIO_SPEED_FREQ_HIGH
ProjectManager.CustomerFirmwarePackage=
VP_TIM3_VS_ClockSourceINT.Mode=Internal
TIM1.Channel-Output\ Compare3\ CH3=TIM_CHANNEL_3
PB3.Locked=true
PB4.Signal=GPIO_Output
PA3.Signal=ADCx_IN3
PA2.Locked=true
PB3.GPIO_Label=Z3
RCC.PLLSourceVirtual=RCC_PLLSOURCE_HSE
ProjectManager.ProjectFileName=Anemometr_200_1.ioc
TIM4.AutoReloadPreload=TIM_AUTORELOAD_PRELOAD_ENABLE
TIM3.Channel-Output\ Compare1\ No\ Output=TIM_CHANNEL_1
PD1-OSC_OUT.Mode=HSE-External-Oscillator
TIM1.OC4Preload=ENABLE
Mcu.PinsNb=38
TIM3.AutoReloadPreload=TIM_AUTORELOAD_PRELOAD_ENABLE
ProjectManager.NoMain=false
TIM1.OCMode_4=TIM_OCMODE_TOGGLE
TIM1.OCMode_3=TIM_OCMODE_TOGGLE
VP_TIM3_VS_ControllerModeTrigger.Mode=Trigger Mode
ADC1.IPParameters=Rank-1\#ChannelRegularConversion,master,Channel-1\#ChannelRegularConversion,SamplingTime-1\#ChannelRegularConversion,NbrOfConversionFlag,ExternalTrigConv,NbrOfConversion,ContinuousConvMode
PA9.GPIO_Label=OUTZ2
TIM1.OCMode_2=TIM_OCMODE_TOGGLE
TIM1.OCMode_1=TIM_OCMODE_TOGGLE
TIM1.OC2Preload=ENABLE
PA11.GPIO_Label=OUTZ4
ProjectManager.DefaultFWLocation=true
VP_TIM1_VS_OPM.Signal=TIM1_VS_OPM
PD0-OSC_IN.Signal=RCC_OSC_IN
PB12.Locked=true
ProjectManager.DeletePrevious=true
RCC.APB1CLKDivider=RCC_HCLK_DIV2
TIM2.OCPolarity_1=TIM_OCPOLARITY_HIGH
VP_SYS_VS_ND.Mode=No_Debug
PA12.GPIO_Label=nRst
RCC.FamilyName=M
RCC.ADCPresc=RCC_ADCPCLK2_DIV6
TIM1.AutoReloadPreload=TIM_AUTORELOAD_PRELOAD_ENABLE
PA8.GPIO_Label=OUTZ1
SH.S_TIM1_CH1.0=TIM1_CH1,Output Compare1 CH1
VP_TIM4_VS_ClockSourceINT.Signal=TIM4_VS_ClockSourceINT
ProjectManager.TargetToolchain=STM32CubeIDE
VP_TIM3_VS_no_output1.Signal=TIM3_VS_no_output1
TIM4.IPParameters=Prescaler,AutoReloadPreload,TIM_MasterOutputTrigger
SPI2.CRCCalculation=SPI_CRCCALCULATION_DISABLE
PB9.Mode=I2C
PB2.GPIOParameters=GPIO_Label
PA9.Signal=S_TIM1_CH2
VP_TIM1_VS_ClockSourceINT.Signal=TIM1_VS_ClockSourceINT
ADC1.Channel-1\#ChannelRegularConversion=ADC_CHANNEL_3
SPI2.IPParameters=VirtualType,Mode,Direction,CalculateBaudRate,BaudRatePrescaler,DataSize,CLKPolarity,CLKPhase,CRCCalculation
VP_TIM2_VS_ClockSourceITR.Signal=TIM2_VS_ClockSourceITR
ProjectManager.RegisterCallBack=
RCC.USBFreq_Value=72000000
VP_TIM3_VS_ClockSourceINT.Signal=TIM3_VS_ClockSourceINT
TIM1.Channel-Output\ Compare4\ CH4=TIM_CHANNEL_4
TIM4.Prescaler=100
PB1.Locked=true
SH.S_TIM1_CH2.ConfNb=1
VP_TIM2_VS_no_output1.Signal=TIM2_VS_no_output1
PD0-OSC_IN.Mode=HSE-External-Oscillator
TIM3.OC1Preload=ENABLE
PB14.Signal=SPI2_MISO
board=custom
VP_TIM3_VS_no_output1.Mode=Output Compare1 No Output
ProjectManager.LastFirmware=true
PB15.Mode=Full_Duplex_Master
NVIC.TIM3_IRQn=true\:0\:0\:false\:false\:true\:true\:true
RCC.VCOOutput2Freq_Value=8000000
TIM1.TIM_MasterOutputTrigger=TIM_TRGO_ENABLE
RCC.APB2Freq_Value=72000000
MxCube.Version=6.2.1
PB4.GPIO_Label=Z4
Mcu.Pin37=VP_TIM4_VS_ClockSourceINT
TIM3.OCMode_1=TIM_OCMODE_ACTIVE
SH.S_TIM1_CH2.0=TIM1_CH2,Output Compare2 CH2
VP_TIM2_VS_ClockSourceINT.Mode=Internal
Mcu.Pin35=VP_TIM3_VS_no_output1
Mcu.Pin36=VP_TIM3_VS_OPM
Mcu.Pin30=VP_TIM2_VS_no_output1
PA10.GPIOParameters=GPIO_Speed,GPIO_Label
VP_SYS_VS_Systick.Mode=SysTick
VP_SYS_VS_ND.Signal=SYS_VS_ND
Mcu.Pin33=VP_TIM3_VS_ClockSourceINT
TIM3.IPParameters=Period,AutoReloadPreload,TIM_MasterOutputTrigger,Channel-Output Compare1 No Output,OCMode_1,TIM_MasterSlaveMode,Pulse-Output Compare1 No Output,OC1Preload,OCPolarity_1
Mcu.Pin34=VP_TIM3_VS_ClockSourceITR
Mcu.Pin31=VP_TIM2_VS_OPM
Mcu.Pin32=VP_TIM3_VS_ControllerModeTrigger
PA9.Locked=true
NVIC.NonMaskableInt_IRQn=true\:0\:0\:false\:false\:true\:false\:true
TIM2.Period=41000
ADC1.NbrOfConversion=1
ProjectManager.FreePins=false
RCC.IPParameters=ADCFreqValue,ADCPresc,AHBFreq_Value,APB1CLKDivider,APB1Freq_Value,APB1TimFreq_Value,APB2Freq_Value,APB2TimFreq_Value,EnbaleCSS,FCLKCortexFreq_Value,FamilyName,HCLKFreq_Value,MCOFreq_Value,PLLCLKFreq_Value,PLLMCOFreq_Value,PLLMUL,PLLSourceVirtual,SYSCLKFreq_VALUE,SYSCLKSource,TimSysFreq_Value,USBFreq_Value,VCOOutput2Freq_Value
IWDG.IPParameters=Prescaler
ProjectManager.AskForMigrate=true
Mcu.Name=STM32F103C(8-B)Tx
Mcu.Pin26=VP_TIM1_VS_OPM
Mcu.Pin27=VP_TIM2_VS_ControllerModeTrigger
PA2.Signal=GPIO_Output
Mcu.Pin24=VP_SYS_VS_Systick
ProjectManager.UnderRoot=true
Mcu.Pin25=VP_TIM1_VS_ClockSourceINT
PB2.Locked=true
Mcu.IP8=TIM2
ADC1.ExternalTrigConv=ADC_EXTERNALTRIGCONV_T3_TRGO
Mcu.IP9=TIM3
Mcu.Pin28=VP_TIM2_VS_ClockSourceINT
Mcu.IP6=SYS
Mcu.Pin29=VP_TIM2_VS_ClockSourceITR
Mcu.IP7=TIM1
ProjectManager.CoupleFile=false
PB4.Locked=true
PB3.Signal=GPIO_Output
ADC1.SamplingTime-1\#ChannelRegularConversion=ADC_SAMPLETIME_1CYCLE_5
RCC.SYSCLKFreq_VALUE=72000000
Mcu.Pin22=VP_IWDG_VS_IWDG
Mcu.Pin23=VP_SYS_VS_ND
RCC.TimSysFreq_Value=72000000
PA7.GPIO_Label=LED
Mcu.Pin20=PB8
ADC1.master=1
Mcu.Pin21=PB9
PA10.Locked=true
VP_TIM2_VS_ControllerModeTrigger.Mode=Trigger Mode
NVIC.ForceEnableDMAVector=true
KeepUserPlacement=false
NVIC.MemoryManagement_IRQn=true\:0\:0\:false\:false\:true\:false\:false
TIM3.TIM_MasterSlaveMode=TIM_MASTERSLAVEMODE_DISABLE
USART1.VirtualMode=VM_ASYNC
ProjectManager.CompilerOptimize=6
ADC1.Rank-1\#ChannelRegularConversion=1
PB7.Mode=Asynchronous
PA11.Signal=S_TIM1_CH4
VP_IWDG_VS_IWDG.Signal=IWDG_VS_IWDG
PB2.GPIO_Label=Z2
ProjectManager.HeapSize=0x200
Mcu.Pin15=PA12
NVIC.HardFault_IRQn=true\:0\:0\:false\:false\:true\:false\:false
Mcu.Pin16=PB3
TIM1.Channel-Output\ Compare1\ CH1=TIM_CHANNEL_1
Mcu.Pin13=PA10
SH.S_TIM1_CH3.0=TIM1_CH3,Output Compare3 CH3
Mcu.Pin14=PA11
Mcu.Pin19=PB7
ProjectManager.ComputerToolchain=false
Mcu.Pin17=PB4
Mcu.Pin18=PB6
VP_TIM4_VS_ClockSourceINT.Mode=Internal
NVIC.PriorityGroup=NVIC_PRIORITYGROUP_4
ADC1.NbrOfConversionFlag=1
Mcu.Pin11=PA8
Mcu.Pin12=PA9
PB8.Mode=I2C
Mcu.Pin10=PB15
IWDG.Prescaler=IWDG_PRESCALER_256
PB7.Locked=true
PA9.GPIO_Speed=GPIO_SPEED_FREQ_HIGH
PB8.Signal=I2C1_SCL
TIM2.AutoReloadPreload=TIM_AUTORELOAD_PRELOAD_ENABLE
SPI2.DataSize=SPI_DATASIZE_8BIT
TIM3.TIM_MasterOutputTrigger=TIM_TRGO_UPDATE
NVIC.TIM4_IRQn=true\:0\:0\:false\:false\:true\:true\:true
RCC.APB1Freq_Value=36000000
PA7.GPIOParameters=GPIO_Label
SH.S_TIM1_CH4.ConfNb=1
ProjectManager.DeviceId=STM32F103C8Tx
PB12.GPIOParameters=GPIO_Label
PB12.Signal=GPIO_Output
ProjectManager.LibraryCopy=1
TIM1.TIM_MasterSlaveMode=TIM_MASTERSLAVEMODE_DISABLE
PA3.GPIO_Label=AnalogInput
PB1.GPIOParameters=GPIO_Label
PA7.Signal=GPIO_Output
isbadioc=false
